
Microsoft Visual Studio Solution File, Format Version 12.00
# Visual Studio Version 16
VisualStudioVersion = 16.0.29613.14
MinimumVisualStudioVersion = 10.0.40219.1
Project("{FAE04EC0-301F-11D3-BF4B-00C04F79EFBC}") = "Library", "Library\Library.csproj", "{A99FE7B1-C33B-44A8-9DC3-93D862767451}"
EndProject
Project("{FAE04EC0-301F-11D3-BF4B-00C04F79EFBC}") = "API", "API\API.csproj", "{A20D43F9-51CB-41E0-BDF0-4C46B1CB20F2}"
EndProject
Global
	GlobalSection(SolutionConfigurationPlatforms) = preSolution
		Debug|Any CPU = Debug|Any CPU
		Release|Any CPU = Release|Any CPU
	EndGlobalSection
	GlobalSection(ProjectConfigurationPlatforms) = postSolution
		{A99FE7B1-C33B-44A8-9DC3-93D862767451}.Debug|Any CPU.ActiveCfg = Debug|Any CPU
		{A99FE7B1-C33B-44A8-9DC3-93D862767451}.Debug|Any CPU.Build.0 = Debug|Any CPU
		{A99FE7B1-C33B-44A8-9DC3-93D862767451}.Release|Any CPU.ActiveCfg = Release|Any CPU
		{A99FE7B1-C33B-44A8-9DC3-93D862767451}.Release|Any CPU.Build.0 = Release|Any CPU
		{A20D43F9-51CB-41E0-BDF0-4C46B1CB20F2}.Debug|Any CPU.ActiveCfg = Debug|Any CPU
		{A20D43F9-51CB-41E0-BDF0-4C46B1CB20F2}.Debug|Any CPU.Build.0 = Debug|Any CPU
		{A20D43F9-51CB-41E0-BDF0-4C46B1CB20F2}.Release|Any CPU.ActiveCfg = Release|Any CPU
		{A20D43F9-51CB-41E0-BDF0-4C46B1CB20F2}.Release|Any CPU.Build.0 = Release|Any CPU
	EndGlobalSection
	GlobalSection(SolutionProperties) = preSolution
		HideSolutionNode = FALSE
	EndGlobalSection
	GlobalSection(ExtensibilityGlobals) = postSolution
		SolutionGuid = {ECE477CD-AF12-454E-B55E-999DC28F9893}
	EndGlobalSection
EndGlobal
